
Microsoft Visual Studio Solution File, Format Version 12.00
# Visual Studio Version 17
VisualStudioVersion = 17.5.33627.172
MinimumVisualStudioVersion = 10.0.40219.1
Project("{FAE04EC0-301F-11D3-BF4B-00C04F79EFBC}") = "Core", "Core\Core.csproj", "{03B16B7D-594A-4EAC-908B-CC9969F7D647}"
EndProject
Project("{FAE04EC0-301F-11D3-BF4B-00C04F79EFBC}") = "Common", "Common\Common.csproj", "{40FEE87C-13AA-4F81-9B9D-462E6E39300F}"
EndProject
Project("{FAE04EC0-301F-11D3-BF4B-00C04F79EFBC}") = "Serialization", "Serialization\Serialization.csproj", "{7E2755B6-BE4E-4535-99D0-8EDCA06C97EC}"
EndProject
Project("{9A19103F-16F7-4668-BE54-9A1E7A4F7556}") = "Agent", "Agent\Agent.csproj", "{1A2BBCAF-22CD-4C1B-8306-78CA3732867A}"
EndProject
Project("{FAE04EC0-301F-11D3-BF4B-00C04F79EFBC}") = "Agent.Test", "Agent.Test\Agent.Test.csproj", "{DBC1F351-D077-4C39-BD89-753D7BDBBE99}"
EndProject
Project("{FAE04EC0-301F-11D3-BF4B-00C04F79EFBC}") = "AgentTest", "AgentTest\AgentTest.csproj", "{E4B5D643-9762-4367-AF41-25CF01E38130}"
EndProject
Project("{FAE04EC0-301F-11D3-BF4B-00C04F79EFBC}") = "Test", "Test\Test.csproj", "{A09F29E4-DF91-4EA6-A84A-B5E6EA772555}"
EndProject
Project("{FAE04EC0-301F-11D3-BF4B-00C04F79EFBC}") = "Server.Client.Net20", "Server.Client.Net20\Server.Client.Net20.csproj", "{23A44549-4F9B-45F4-8B9D-A92BC62DD6ED}"
EndProject
Project("{2150E333-8FDC-42A3-9474-1A3956D46DE8}") = "Dependencies", "Dependencies", "{20039796-E0D4-468C-94C2-6338947A279C}"
	ProjectSection(SolutionItems) = preProject
		..\.gitattributes = ..\.gitattributes
		..\.gitignore = ..\.gitignore
		..\azure-pipelines.yml = ..\azure-pipelines.yml
		Common Resharper Settings.DotSettings = Common Resharper Settings.DotSettings
		Directory.Build.props = Directory.Build.props
		..\README.md = ..\README.md
	EndProjectSection
EndProject
Project("{9A19103F-16F7-4668-BE54-9A1E7A4F7556}") = "Agent.EntityFramework", "Agent.EntityFramework\Agent.EntityFramework.csproj", "{FA90CD43-BEBE-4F9C-A319-CC15ABFDB81E}"
EndProject
Project("{FAE04EC0-301F-11D3-BF4B-00C04F79EFBC}") = "Agent.EntityFramework.Test", "Agent.EntityFramework.Test\Agent.EntityFramework.Test.csproj", "{38B71B3E-A6B8-476A-B951-874DA97CBC8B}"
EndProject
Project("{9A19103F-16F7-4668-BE54-9A1E7A4F7556}") = "Agent.Web.Mvc", "Agent.Web.Mvc\Agent.Web.Mvc.csproj", "{5CEAB23A-EDF0-4F45-B74C-AE16047C1ECC}"
EndProject
Project("{FAE04EC0-301F-11D3-BF4B-00C04F79EFBC}") = "Agent.Web.Mvc.Tests", "Agent.Web.Mvc.Tests\Agent.Web.Mvc.Tests.csproj", "{473050EF-B18E-4CA3-9CF7-7450D09BEC49}"
EndProject
Project("{9A19103F-16F7-4668-BE54-9A1E7A4F7556}") = "Agent.Web", "Agent.Web\Agent.Web.csproj", "{B15EB772-5642-43AC-8F80-20A8C9D1EE34}"
EndProject
Project("{FAE04EC0-301F-11D3-BF4B-00C04F79EFBC}") = "Agent.Web.Test", "Agent.Web.Test\Agent.Web.Test.csproj", "{877DC5E1-9CD5-4287-8005-D27B73620E9F}"
EndProject
Project("{2150E333-8FDC-42A3-9474-1A3956D46DE8}") = "Extensions", "Extensions", "{6DCCE00E-F058-41D7-AAFA-4F0792DDF696}"
EndProject
Project("{9A19103F-16F7-4668-BE54-9A1E7A4F7556}") = "Agent.Web.Module", "Agent.Web.Module\Agent.Web.Module.csproj", "{EA8936C9-44C3-4766-A515-E75A12B7F2C1}"
EndProject
Project("{FAE04EC0-301F-11D3-BF4B-00C04F79EFBC}") = "Agent.Web.Module.MVCTest", "Agent.Web.Module.MVCTest\Agent.Web.Module.MVCTest.csproj", "{7F6A0788-29C5-4F28-AF4D-E51137335F54}"
EndProject
Project("{FAE04EC0-301F-11D3-BF4B-00C04F79EFBC}") = "Agent.Web.Module.Tests", "Agent.Web.Module.Tests\Agent.Web.Module.Tests.csproj", "{4E7FB470-DE50-4F84-A919-9B305A7CE6C1}"
EndProject
Project("{FAE04EC0-301F-11D3-BF4B-00C04F79EFBC}") = "Agent.Web.Module.WebApiTest", "Agent.Web.Module.WebApiTest\Agent.Web.Module.WebApiTest.csproj", "{ABE20997-E74F-4141-8C90-998C829D8460}"
EndProject
Project("{FAE04EC0-301F-11D3-BF4B-00C04F79EFBC}") = "Agent.Web.Module.WebFormTest", "Agent.Web.Module.WebFormTest\Agent.Web.Module.WebFormTest.csproj", "{7E151F25-AB5D-4020-BEEC-85797CF770DC}"
EndProject
Project("{9A19103F-16F7-4668-BE54-9A1E7A4F7556}") = "Agent.Windows.Packager", "Agent.Windows.Packager\Agent.Windows.Packager.csproj", "{35786458-CE5A-4706-99DE-FFA643DF0D85}"
EndProject
Global
	GlobalSection(SolutionConfigurationPlatforms) = preSolution
		Debug|Any CPU = Debug|Any CPU
		Debug|x64 = Debug|x64
		Debug|x86 = Debug|x86
		Release|Any CPU = Release|Any CPU
		Release|x64 = Release|x64
		Release|x86 = Release|x86
	EndGlobalSection
	GlobalSection(ProjectConfigurationPlatforms) = postSolution
		{03B16B7D-594A-4EAC-908B-CC9969F7D647}.Debug|Any CPU.ActiveCfg = Debug|Any CPU
		{03B16B7D-594A-4EAC-908B-CC9969F7D647}.Debug|Any CPU.Build.0 = Debug|Any CPU
		{03B16B7D-594A-4EAC-908B-CC9969F7D647}.Debug|x64.ActiveCfg = Debug|Any CPU
		{03B16B7D-594A-4EAC-908B-CC9969F7D647}.Debug|x86.ActiveCfg = Debug|Any CPU
		{03B16B7D-594A-4EAC-908B-CC9969F7D647}.Release|Any CPU.ActiveCfg = Release|Any CPU
		{03B16B7D-594A-4EAC-908B-CC9969F7D647}.Release|Any CPU.Build.0 = Release|Any CPU
		{03B16B7D-594A-4EAC-908B-CC9969F7D647}.Release|x64.ActiveCfg = Release|Any CPU
		{03B16B7D-594A-4EAC-908B-CC9969F7D647}.Release|x86.ActiveCfg = Release|Any CPU
		{40FEE87C-13AA-4F81-9B9D-462E6E39300F}.Debug|Any CPU.ActiveCfg = Debug|Any CPU
		{40FEE87C-13AA-4F81-9B9D-462E6E39300F}.Debug|Any CPU.Build.0 = Debug|Any CPU
		{40FEE87C-13AA-4F81-9B9D-462E6E39300F}.Debug|x64.ActiveCfg = Debug|Any CPU
		{40FEE87C-13AA-4F81-9B9D-462E6E39300F}.Debug|x86.ActiveCfg = Debug|Any CPU
		{40FEE87C-13AA-4F81-9B9D-462E6E39300F}.Release|Any CPU.ActiveCfg = Release|Any CPU
		{40FEE87C-13AA-4F81-9B9D-462E6E39300F}.Release|Any CPU.Build.0 = Release|Any CPU
		{40FEE87C-13AA-4F81-9B9D-462E6E39300F}.Release|x64.ActiveCfg = Release|Any CPU
		{40FEE87C-13AA-4F81-9B9D-462E6E39300F}.Release|x86.ActiveCfg = Release|Any CPU
		{7E2755B6-BE4E-4535-99D0-8EDCA06C97EC}.Debug|Any CPU.ActiveCfg = Debug|Any CPU
		{7E2755B6-BE4E-4535-99D0-8EDCA06C97EC}.Debug|Any CPU.Build.0 = Debug|Any CPU
		{7E2755B6-BE4E-4535-99D0-8EDCA06C97EC}.Debug|x64.ActiveCfg = Debug|Any CPU
		{7E2755B6-BE4E-4535-99D0-8EDCA06C97EC}.Debug|x86.ActiveCfg = Debug|Any CPU
		{7E2755B6-BE4E-4535-99D0-8EDCA06C97EC}.Release|Any CPU.ActiveCfg = Release|Any CPU
		{7E2755B6-BE4E-4535-99D0-8EDCA06C97EC}.Release|Any CPU.Build.0 = Release|Any CPU
		{7E2755B6-BE4E-4535-99D0-8EDCA06C97EC}.Release|x64.ActiveCfg = Release|Any CPU
		{7E2755B6-BE4E-4535-99D0-8EDCA06C97EC}.Release|x86.ActiveCfg = Release|Any CPU
		{1A2BBCAF-22CD-4C1B-8306-78CA3732867A}.Debug|Any CPU.ActiveCfg = Debug|Any CPU
		{1A2BBCAF-22CD-4C1B-8306-78CA3732867A}.Debug|Any CPU.Build.0 = Debug|Any CPU
		{1A2BBCAF-22CD-4C1B-8306-78CA3732867A}.Debug|x64.ActiveCfg = Debug|Any CPU
		{1A2BBCAF-22CD-4C1B-8306-78CA3732867A}.Debug|x86.ActiveCfg = Debug|Any CPU
		{1A2BBCAF-22CD-4C1B-8306-78CA3732867A}.Release|Any CPU.ActiveCfg = Release|Any CPU
		{1A2BBCAF-22CD-4C1B-8306-78CA3732867A}.Release|Any CPU.Build.0 = Release|Any CPU
		{1A2BBCAF-22CD-4C1B-8306-78CA3732867A}.Release|x64.ActiveCfg = Release|Any CPU
		{1A2BBCAF-22CD-4C1B-8306-78CA3732867A}.Release|x86.ActiveCfg = Release|Any CPU
		{DBC1F351-D077-4C39-BD89-753D7BDBBE99}.Debug|Any CPU.ActiveCfg = Debug|Any CPU
		{DBC1F351-D077-4C39-BD89-753D7BDBBE99}.Debug|Any CPU.Build.0 = Debug|Any CPU
		{DBC1F351-D077-4C39-BD89-753D7BDBBE99}.Debug|x64.ActiveCfg = Debug|Any CPU
		{DBC1F351-D077-4C39-BD89-753D7BDBBE99}.Debug|x86.ActiveCfg = Debug|Any CPU
		{DBC1F351-D077-4C39-BD89-753D7BDBBE99}.Release|Any CPU.ActiveCfg = Release|Any CPU
		{DBC1F351-D077-4C39-BD89-753D7BDBBE99}.Release|Any CPU.Build.0 = Release|Any CPU
		{DBC1F351-D077-4C39-BD89-753D7BDBBE99}.Release|x64.ActiveCfg = Release|Any CPU
		{DBC1F351-D077-4C39-BD89-753D7BDBBE99}.Release|x86.ActiveCfg = Release|Any CPU
		{E4B5D643-9762-4367-AF41-25CF01E38130}.Debug|Any CPU.ActiveCfg = Debug|Any CPU
		{E4B5D643-9762-4367-AF41-25CF01E38130}.Debug|Any CPU.Build.0 = Debug|Any CPU
		{E4B5D643-9762-4367-AF41-25CF01E38130}.Debug|x64.ActiveCfg = Debug|Any CPU
		{E4B5D643-9762-4367-AF41-25CF01E38130}.Debug|x86.ActiveCfg = Debug|Any CPU
		{E4B5D643-9762-4367-AF41-25CF01E38130}.Release|Any CPU.ActiveCfg = Release|Any CPU
		{E4B5D643-9762-4367-AF41-25CF01E38130}.Release|Any CPU.Build.0 = Release|Any CPU
		{E4B5D643-9762-4367-AF41-25CF01E38130}.Release|x64.ActiveCfg = Release|Any CPU
		{E4B5D643-9762-4367-AF41-25CF01E38130}.Release|x86.ActiveCfg = Release|Any CPU
		{A09F29E4-DF91-4EA6-A84A-B5E6EA772555}.Debug|Any CPU.ActiveCfg = Debug|Any CPU
		{A09F29E4-DF91-4EA6-A84A-B5E6EA772555}.Debug|Any CPU.Build.0 = Debug|Any CPU
		{A09F29E4-DF91-4EA6-A84A-B5E6EA772555}.Debug|x64.ActiveCfg = Debug|Any CPU
		{A09F29E4-DF91-4EA6-A84A-B5E6EA772555}.Debug|x86.ActiveCfg = Debug|Any CPU
		{A09F29E4-DF91-4EA6-A84A-B5E6EA772555}.Release|Any CPU.ActiveCfg = Release|Any CPU
		{A09F29E4-DF91-4EA6-A84A-B5E6EA772555}.Release|Any CPU.Build.0 = Release|Any CPU
		{A09F29E4-DF91-4EA6-A84A-B5E6EA772555}.Release|x64.ActiveCfg = Release|Any CPU
		{A09F29E4-DF91-4EA6-A84A-B5E6EA772555}.Release|x86.ActiveCfg = Release|Any CPU
		{23A44549-4F9B-45F4-8B9D-A92BC62DD6ED}.Debug|Any CPU.ActiveCfg = Debug|Any CPU
		{23A44549-4F9B-45F4-8B9D-A92BC62DD6ED}.Debug|Any CPU.Build.0 = Debug|Any CPU
		{23A44549-4F9B-45F4-8B9D-A92BC62DD6ED}.Debug|x64.ActiveCfg = Debug|Any CPU
		{23A44549-4F9B-45F4-8B9D-A92BC62DD6ED}.Debug|x86.ActiveCfg = Debug|Any CPU
		{23A44549-4F9B-45F4-8B9D-A92BC62DD6ED}.Release|Any CPU.ActiveCfg = Release|Any CPU
		{23A44549-4F9B-45F4-8B9D-A92BC62DD6ED}.Release|Any CPU.Build.0 = Release|Any CPU
		{23A44549-4F9B-45F4-8B9D-A92BC62DD6ED}.Release|x64.ActiveCfg = Release|Any CPU
		{23A44549-4F9B-45F4-8B9D-A92BC62DD6ED}.Release|x86.ActiveCfg = Release|Any CPU
		{FA90CD43-BEBE-4F9C-A319-CC15ABFDB81E}.Debug|Any CPU.ActiveCfg = Debug|Any CPU
		{FA90CD43-BEBE-4F9C-A319-CC15ABFDB81E}.Debug|Any CPU.Build.0 = Debug|Any CPU
		{FA90CD43-BEBE-4F9C-A319-CC15ABFDB81E}.Debug|x64.ActiveCfg = Debug|Any CPU
		{FA90CD43-BEBE-4F9C-A319-CC15ABFDB81E}.Debug|x64.Build.0 = Debug|Any CPU
		{FA90CD43-BEBE-4F9C-A319-CC15ABFDB81E}.Debug|x86.ActiveCfg = Debug|Any CPU
		{FA90CD43-BEBE-4F9C-A319-CC15ABFDB81E}.Debug|x86.Build.0 = Debug|Any CPU
		{FA90CD43-BEBE-4F9C-A319-CC15ABFDB81E}.Release|Any CPU.ActiveCfg = Release|Any CPU
		{FA90CD43-BEBE-4F9C-A319-CC15ABFDB81E}.Release|Any CPU.Build.0 = Release|Any CPU
		{FA90CD43-BEBE-4F9C-A319-CC15ABFDB81E}.Release|x64.ActiveCfg = Release|Any CPU
		{FA90CD43-BEBE-4F9C-A319-CC15ABFDB81E}.Release|x64.Build.0 = Release|Any CPU
		{FA90CD43-BEBE-4F9C-A319-CC15ABFDB81E}.Release|x86.ActiveCfg = Release|Any CPU
		{FA90CD43-BEBE-4F9C-A319-CC15ABFDB81E}.Release|x86.Build.0 = Release|Any CPU
		{38B71B3E-A6B8-476A-B951-874DA97CBC8B}.Debug|Any CPU.ActiveCfg = Debug|Any CPU
		{38B71B3E-A6B8-476A-B951-874DA97CBC8B}.Debug|Any CPU.Build.0 = Debug|Any CPU
		{38B71B3E-A6B8-476A-B951-874DA97CBC8B}.Debug|x64.ActiveCfg = Debug|Any CPU
		{38B71B3E-A6B8-476A-B951-874DA97CBC8B}.Debug|x64.Build.0 = Debug|Any CPU
		{38B71B3E-A6B8-476A-B951-874DA97CBC8B}.Debug|x86.ActiveCfg = Debug|Any CPU
		{38B71B3E-A6B8-476A-B951-874DA97CBC8B}.Debug|x86.Build.0 = Debug|Any CPU
		{38B71B3E-A6B8-476A-B951-874DA97CBC8B}.Release|Any CPU.ActiveCfg = Release|Any CPU
		{38B71B3E-A6B8-476A-B951-874DA97CBC8B}.Release|x64.ActiveCfg = Release|Any CPU
		{38B71B3E-A6B8-476A-B951-874DA97CBC8B}.Release|x64.Build.0 = Release|Any CPU
		{38B71B3E-A6B8-476A-B951-874DA97CBC8B}.Release|x86.ActiveCfg = Release|Any CPU
		{38B71B3E-A6B8-476A-B951-874DA97CBC8B}.Release|x86.Build.0 = Release|Any CPU
		{5CEAB23A-EDF0-4F45-B74C-AE16047C1ECC}.Debug|Any CPU.ActiveCfg = Debug|Any CPU
		{5CEAB23A-EDF0-4F45-B74C-AE16047C1ECC}.Debug|Any CPU.Build.0 = Debug|Any CPU
		{5CEAB23A-EDF0-4F45-B74C-AE16047C1ECC}.Debug|x64.ActiveCfg = Debug|Any CPU
		{5CEAB23A-EDF0-4F45-B74C-AE16047C1ECC}.Debug|x64.Build.0 = Debug|Any CPU
		{5CEAB23A-EDF0-4F45-B74C-AE16047C1ECC}.Debug|x86.ActiveCfg = Debug|Any CPU
		{5CEAB23A-EDF0-4F45-B74C-AE16047C1ECC}.Debug|x86.Build.0 = Debug|Any CPU
		{5CEAB23A-EDF0-4F45-B74C-AE16047C1ECC}.Release|Any CPU.ActiveCfg = Release|Any CPU
		{5CEAB23A-EDF0-4F45-B74C-AE16047C1ECC}.Release|Any CPU.Build.0 = Release|Any CPU
		{5CEAB23A-EDF0-4F45-B74C-AE16047C1ECC}.Release|x64.ActiveCfg = Release|Any CPU
		{5CEAB23A-EDF0-4F45-B74C-AE16047C1ECC}.Release|x64.Build.0 = Release|Any CPU
		{5CEAB23A-EDF0-4F45-B74C-AE16047C1ECC}.Release|x86.ActiveCfg = Release|Any CPU
		{5CEAB23A-EDF0-4F45-B74C-AE16047C1ECC}.Release|x86.Build.0 = Release|Any CPU
		{473050EF-B18E-4CA3-9CF7-7450D09BEC49}.Debug|Any CPU.ActiveCfg = Debug|Any CPU
		{473050EF-B18E-4CA3-9CF7-7450D09BEC49}.Debug|Any CPU.Build.0 = Debug|Any CPU
		{473050EF-B18E-4CA3-9CF7-7450D09BEC49}.Debug|x64.ActiveCfg = Debug|Any CPU
		{473050EF-B18E-4CA3-9CF7-7450D09BEC49}.Debug|x64.Build.0 = Debug|Any CPU
		{473050EF-B18E-4CA3-9CF7-7450D09BEC49}.Debug|x86.ActiveCfg = Debug|Any CPU
		{473050EF-B18E-4CA3-9CF7-7450D09BEC49}.Debug|x86.Build.0 = Debug|Any CPU
		{473050EF-B18E-4CA3-9CF7-7450D09BEC49}.Release|Any CPU.ActiveCfg = Release|Any CPU
		{473050EF-B18E-4CA3-9CF7-7450D09BEC49}.Release|x64.ActiveCfg = Release|Any CPU
		{473050EF-B18E-4CA3-9CF7-7450D09BEC49}.Release|x64.Build.0 = Release|Any CPU
		{473050EF-B18E-4CA3-9CF7-7450D09BEC49}.Release|x86.ActiveCfg = Release|Any CPU
		{473050EF-B18E-4CA3-9CF7-7450D09BEC49}.Release|x86.Build.0 = Release|Any CPU
		{B15EB772-5642-43AC-8F80-20A8C9D1EE34}.Debug|Any CPU.ActiveCfg = Debug|Any CPU
		{B15EB772-5642-43AC-8F80-20A8C9D1EE34}.Debug|Any CPU.Build.0 = Debug|Any CPU
		{B15EB772-5642-43AC-8F80-20A8C9D1EE34}.Debug|x64.ActiveCfg = Debug|Any CPU
		{B15EB772-5642-43AC-8F80-20A8C9D1EE34}.Debug|x64.Build.0 = Debug|Any CPU
		{B15EB772-5642-43AC-8F80-20A8C9D1EE34}.Debug|x86.ActiveCfg = Debug|Any CPU
		{B15EB772-5642-43AC-8F80-20A8C9D1EE34}.Debug|x86.Build.0 = Debug|Any CPU
		{B15EB772-5642-43AC-8F80-20A8C9D1EE34}.Release|Any CPU.ActiveCfg = Release|Any CPU
		{B15EB772-5642-43AC-8F80-20A8C9D1EE34}.Release|Any CPU.Build.0 = Release|Any CPU
		{B15EB772-5642-43AC-8F80-20A8C9D1EE34}.Release|x64.ActiveCfg = Release|Any CPU
		{B15EB772-5642-43AC-8F80-20A8C9D1EE34}.Release|x64.Build.0 = Release|Any CPU
		{B15EB772-5642-43AC-8F80-20A8C9D1EE34}.Release|x86.ActiveCfg = Release|Any CPU
		{B15EB772-5642-43AC-8F80-20A8C9D1EE34}.Release|x86.Build.0 = Release|Any CPU
		{877DC5E1-9CD5-4287-8005-D27B73620E9F}.Debug|Any CPU.ActiveCfg = Debug|Any CPU
		{877DC5E1-9CD5-4287-8005-D27B73620E9F}.Debug|Any CPU.Build.0 = Debug|Any CPU
		{877DC5E1-9CD5-4287-8005-D27B73620E9F}.Debug|x64.ActiveCfg = Debug|Any CPU
		{877DC5E1-9CD5-4287-8005-D27B73620E9F}.Debug|x64.Build.0 = Debug|Any CPU
		{877DC5E1-9CD5-4287-8005-D27B73620E9F}.Debug|x86.ActiveCfg = Debug|Any CPU
		{877DC5E1-9CD5-4287-8005-D27B73620E9F}.Debug|x86.Build.0 = Debug|Any CPU
		{877DC5E1-9CD5-4287-8005-D27B73620E9F}.Release|Any CPU.ActiveCfg = Release|Any CPU
		{877DC5E1-9CD5-4287-8005-D27B73620E9F}.Release|x64.ActiveCfg = Release|Any CPU
		{877DC5E1-9CD5-4287-8005-D27B73620E9F}.Release|x64.Build.0 = Release|Any CPU
		{877DC5E1-9CD5-4287-8005-D27B73620E9F}.Release|x86.ActiveCfg = Release|Any CPU
		{877DC5E1-9CD5-4287-8005-D27B73620E9F}.Release|x86.Build.0 = Release|Any CPU
		{EA8936C9-44C3-4766-A515-E75A12B7F2C1}.Debug|Any CPU.ActiveCfg = Debug|Any CPU
		{EA8936C9-44C3-4766-A515-E75A12B7F2C1}.Debug|Any CPU.Build.0 = Debug|Any CPU
		{EA8936C9-44C3-4766-A515-E75A12B7F2C1}.Debug|x64.ActiveCfg = Debug|Any CPU
		{EA8936C9-44C3-4766-A515-E75A12B7F2C1}.Debug|x64.Build.0 = Debug|Any CPU
		{EA8936C9-44C3-4766-A515-E75A12B7F2C1}.Debug|x86.ActiveCfg = Debug|Any CPU
		{EA8936C9-44C3-4766-A515-E75A12B7F2C1}.Debug|x86.Build.0 = Debug|Any CPU
		{EA8936C9-44C3-4766-A515-E75A12B7F2C1}.Release|Any CPU.ActiveCfg = Release|Any CPU
		{EA8936C9-44C3-4766-A515-E75A12B7F2C1}.Release|Any CPU.Build.0 = Release|Any CPU
		{EA8936C9-44C3-4766-A515-E75A12B7F2C1}.Release|x64.ActiveCfg = Release|Any CPU
		{EA8936C9-44C3-4766-A515-E75A12B7F2C1}.Release|x64.Build.0 = Release|Any CPU
		{EA8936C9-44C3-4766-A515-E75A12B7F2C1}.Release|x86.ActiveCfg = Release|Any CPU
		{EA8936C9-44C3-4766-A515-E75A12B7F2C1}.Release|x86.Build.0 = Release|Any CPU
		{7F6A0788-29C5-4F28-AF4D-E51137335F54}.Debug|Any CPU.ActiveCfg = Debug|Any CPU
		{7F6A0788-29C5-4F28-AF4D-E51137335F54}.Debug|Any CPU.Build.0 = Debug|Any CPU
		{7F6A0788-29C5-4F28-AF4D-E51137335F54}.Debug|x64.ActiveCfg = Debug|Any CPU
		{7F6A0788-29C5-4F28-AF4D-E51137335F54}.Debug|x64.Build.0 = Debug|Any CPU
		{7F6A0788-29C5-4F28-AF4D-E51137335F54}.Debug|x86.ActiveCfg = Debug|Any CPU
		{7F6A0788-29C5-4F28-AF4D-E51137335F54}.Debug|x86.Build.0 = Debug|Any CPU
		{7F6A0788-29C5-4F28-AF4D-E51137335F54}.Release|Any CPU.ActiveCfg = Release|Any CPU
		{7F6A0788-29C5-4F28-AF4D-E51137335F54}.Release|x64.ActiveCfg = Release|Any CPU
		{7F6A0788-29C5-4F28-AF4D-E51137335F54}.Release|x64.Build.0 = Release|Any CPU
		{7F6A0788-29C5-4F28-AF4D-E51137335F54}.Release|x86.ActiveCfg = Release|Any CPU
		{7F6A0788-29C5-4F28-AF4D-E51137335F54}.Release|x86.Build.0 = Release|Any CPU
		{4E7FB470-DE50-4F84-A919-9B305A7CE6C1}.Debug|Any CPU.ActiveCfg = Debug|Any CPU
		{4E7FB470-DE50-4F84-A919-9B305A7CE6C1}.Debug|Any CPU.Build.0 = Debug|Any CPU
		{4E7FB470-DE50-4F84-A919-9B305A7CE6C1}.Debug|x64.ActiveCfg = Debug|Any CPU
		{4E7FB470-DE50-4F84-A919-9B305A7CE6C1}.Debug|x64.Build.0 = Debug|Any CPU
		{4E7FB470-DE50-4F84-A919-9B305A7CE6C1}.Debug|x86.ActiveCfg = Debug|Any CPU
		{4E7FB470-DE50-4F84-A919-9B305A7CE6C1}.Debug|x86.Build.0 = Debug|Any CPU
		{4E7FB470-DE50-4F84-A919-9B305A7CE6C1}.Release|Any CPU.ActiveCfg = Release|Any CPU
		{4E7FB470-DE50-4F84-A919-9B305A7CE6C1}.Release|x64.ActiveCfg = Release|Any CPU
		{4E7FB470-DE50-4F84-A919-9B305A7CE6C1}.Release|x64.Build.0 = Release|Any CPU
		{4E7FB470-DE50-4F84-A919-9B305A7CE6C1}.Release|x86.ActiveCfg = Release|Any CPU
		{4E7FB470-DE50-4F84-A919-9B305A7CE6C1}.Release|x86.Build.0 = Release|Any CPU
		{ABE20997-E74F-4141-8C90-998C829D8460}.Debug|Any CPU.ActiveCfg = Debug|Any CPU
		{ABE20997-E74F-4141-8C90-998C829D8460}.Debug|Any CPU.Build.0 = Debug|Any CPU
		{ABE20997-E74F-4141-8C90-998C829D8460}.Debug|x64.ActiveCfg = Debug|Any CPU
		{ABE20997-E74F-4141-8C90-998C829D8460}.Debug|x64.Build.0 = Debug|Any CPU
		{ABE20997-E74F-4141-8C90-998C829D8460}.Debug|x86.ActiveCfg = Debug|Any CPU
		{ABE20997-E74F-4141-8C90-998C829D8460}.Debug|x86.Build.0 = Debug|Any CPU
		{ABE20997-E74F-4141-8C90-998C829D8460}.Release|Any CPU.ActiveCfg = Release|Any CPU
		{ABE20997-E74F-4141-8C90-998C829D8460}.Release|x64.ActiveCfg = Release|Any CPU
		{ABE20997-E74F-4141-8C90-998C829D8460}.Release|x64.Build.0 = Release|Any CPU
		{ABE20997-E74F-4141-8C90-998C829D8460}.Release|x86.ActiveCfg = Release|Any CPU
		{ABE20997-E74F-4141-8C90-998C829D8460}.Release|x86.Build.0 = Release|Any CPU
		{7E151F25-AB5D-4020-BEEC-85797CF770DC}.Debug|Any CPU.ActiveCfg = Debug|Any CPU
		{7E151F25-AB5D-4020-BEEC-85797CF770DC}.Debug|Any CPU.Build.0 = Debug|Any CPU
		{7E151F25-AB5D-4020-BEEC-85797CF770DC}.Debug|x64.ActiveCfg = Debug|Any CPU
		{7E151F25-AB5D-4020-BEEC-85797CF770DC}.Debug|x64.Build.0 = Debug|Any CPU
		{7E151F25-AB5D-4020-BEEC-85797CF770DC}.Debug|x86.ActiveCfg = Debug|Any CPU
		{7E151F25-AB5D-4020-BEEC-85797CF770DC}.Debug|x86.Build.0 = Debug|Any CPU
		{7E151F25-AB5D-4020-BEEC-85797CF770DC}.Release|Any CPU.ActiveCfg = Release|Any CPU
		{7E151F25-AB5D-4020-BEEC-85797CF770DC}.Release|x64.ActiveCfg = Release|Any CPU
		{7E151F25-AB5D-4020-BEEC-85797CF770DC}.Release|x64.Build.0 = Release|Any CPU
		{7E151F25-AB5D-4020-BEEC-85797CF770DC}.Release|x86.ActiveCfg = Release|Any CPU
		{7E151F25-AB5D-4020-BEEC-85797CF770DC}.Release|x86.Build.0 = Release|Any CPU
		{35786458-CE5A-4706-99DE-FFA643DF0D85}.Debug|Any CPU.ActiveCfg = Debug|Any CPU
		{35786458-CE5A-4706-99DE-FFA643DF0D85}.Debug|Any CPU.Build.0 = Debug|Any CPU
		{35786458-CE5A-4706-99DE-FFA643DF0D85}.Debug|x64.ActiveCfg = Debug|Any CPU
		{35786458-CE5A-4706-99DE-FFA643DF0D85}.Debug|x64.Build.0 = Debug|Any CPU
		{35786458-CE5A-4706-99DE-FFA643DF0D85}.Debug|x86.ActiveCfg = Debug|Any CPU
		{35786458-CE5A-4706-99DE-FFA643DF0D85}.Debug|x86.Build.0 = Debug|Any CPU
		{35786458-CE5A-4706-99DE-FFA643DF0D85}.Release|Any CPU.ActiveCfg = Release|Any CPU
		{35786458-CE5A-4706-99DE-FFA643DF0D85}.Release|Any CPU.Build.0 = Release|Any CPU
		{35786458-CE5A-4706-99DE-FFA643DF0D85}.Release|x64.ActiveCfg = Release|Any CPU
		{35786458-CE5A-4706-99DE-FFA643DF0D85}.Release|x64.Build.0 = Release|Any CPU
		{35786458-CE5A-4706-99DE-FFA643DF0D85}.Release|x86.ActiveCfg = Release|Any CPU
		{35786458-CE5A-4706-99DE-FFA643DF0D85}.Release|x86.Build.0 = Release|Any CPU
	EndGlobalSection
	GlobalSection(SolutionProperties) = preSolution
		HideSolutionNode = FALSE
	EndGlobalSection
	GlobalSection(NestedProjects) = preSolution
		{FA90CD43-BEBE-4F9C-A319-CC15ABFDB81E} = {6DCCE00E-F058-41D7-AAFA-4F0792DDF696}
		{38B71B3E-A6B8-476A-B951-874DA97CBC8B} = {6DCCE00E-F058-41D7-AAFA-4F0792DDF696}
		{5CEAB23A-EDF0-4F45-B74C-AE16047C1ECC} = {6DCCE00E-F058-41D7-AAFA-4F0792DDF696}
		{473050EF-B18E-4CA3-9CF7-7450D09BEC49} = {6DCCE00E-F058-41D7-AAFA-4F0792DDF696}
		{B15EB772-5642-43AC-8F80-20A8C9D1EE34} = {6DCCE00E-F058-41D7-AAFA-4F0792DDF696}
		{877DC5E1-9CD5-4287-8005-D27B73620E9F} = {6DCCE00E-F058-41D7-AAFA-4F0792DDF696}
		{EA8936C9-44C3-4766-A515-E75A12B7F2C1} = {6DCCE00E-F058-41D7-AAFA-4F0792DDF696}
		{7F6A0788-29C5-4F28-AF4D-E51137335F54} = {6DCCE00E-F058-41D7-AAFA-4F0792DDF696}
		{4E7FB470-DE50-4F84-A919-9B305A7CE6C1} = {6DCCE00E-F058-41D7-AAFA-4F0792DDF696}
		{ABE20997-E74F-4141-8C90-998C829D8460} = {6DCCE00E-F058-41D7-AAFA-4F0792DDF696}
		{7E151F25-AB5D-4020-BEEC-85797CF770DC} = {6DCCE00E-F058-41D7-AAFA-4F0792DDF696}
	EndGlobalSection
	GlobalSection(ExtensibilityGlobals) = postSolution
		SolutionGuid = {EAED1D85-BC3E-42A6-A10B-1F18FB800DD1}
	EndGlobalSection
	GlobalSection(Performance) = preSolution
		HasPerformanceSessions = true
	EndGlobalSection
EndGlobal
